
Microsoft Visual Studio Solution File, Format Version 12.00
# Visual Studio Version 17
VisualStudioVersion = 17.14.36109.1
MinimumVisualStudioVersion = 10.0.40219.1
Project("{FAE04EC0-301F-11D3-BF4B-00C04F79EFBC}") = "Domain", "Domain\Domain.csproj", "{C3D271D7-438E-4C5E-BEEC-313935A5E0E8}"
EndProject
Project("{FAE04EC0-301F-11D3-BF4B-00C04F79EFBC}") = "Application", "Application\Application.csproj", "{C6A188DF-196B-49FE-A95B-9FFF7DC76D12}"
EndProject
Project("{FAE04EC0-301F-11D3-BF4B-00C04F79EFBC}") = "Infrastructure", "Infrastructure\Infrastructure.csproj", "{C8EF1914-4E53-4BF6-BA71-541F8055858A}"
EndProject
Project("{FAE04EC0-301F-11D3-BF4B-00C04F79EFBC}") = "AdminLayer", "AdminLayer\AdminLayer.csproj", "{C5362009-5939-4DBF-BFE8-F9D715B1A394}"
EndProject
Project("{FAE04EC0-301F-11D3-BF4B-00C04F79EFBC}") = "APIUserLayer", "APIUserLayer\APIUserLayer.csproj", "{775DB713-99BD-4C5C-8546-BDE55643B7CB}"
EndProject
Project("{2150E333-8FDC-42A3-9474-1A3956D46DE8}") = "Tests", "Tests", "{02EA681E-C7D8-13C7-8484-4AC65E1B71E8}"
EndProject
Project("{FAE04EC0-301F-11D3-BF4B-00C04F79EFBC}") = "Application.UnitTests", "Application.UnitTests\Application.UnitTests.csproj", "{AB8691B7-9DBF-4839-A173-0E05979F766E}"
EndProject
Project("{FAE04EC0-301F-11D3-BF4B-00C04F79EFBC}") = "Domain.UnitTests", "Domain.UnitTests\Domain.UnitTests.csproj", "{D786FFB1-B51F-40F1-9241-53D5CC40589F}"
EndProject
Project("{FAE04EC0-301F-11D3-BF4B-00C04F79EFBC}") = "Infrastructure.Tests", "Infrastructure.Tests\Infrastructure.Tests.csproj", "{E523BC94-0371-40D2-8241-F99404B2D205}"
EndProject
Project("{FAE04EC0-301F-11D3-BF4B-00C04F79EFBC}") = "AdminLayer.IntegrationTests", "AdminLayer.IntegrationTests\AdminLayer.IntegrationTests.csproj", "{8176DBF0-C172-4AE1-A58F-6865638E05C1}"
EndProject
Global
	GlobalSection(SolutionConfigurationPlatforms) = preSolution
		Debug|Any CPU = Debug|Any CPU
		Release|Any CPU = Release|Any CPU
	EndGlobalSection
	GlobalSection(ProjectConfigurationPlatforms) = postSolution
		{C3D271D7-438E-4C5E-BEEC-313935A5E0E8}.Debug|Any CPU.ActiveCfg = Debug|Any CPU
		{C3D271D7-438E-4C5E-BEEC-313935A5E0E8}.Debug|Any CPU.Build.0 = Debug|Any CPU
		{C3D271D7-438E-4C5E-BEEC-313935A5E0E8}.Release|Any CPU.ActiveCfg = Release|Any CPU
		{C3D271D7-438E-4C5E-BEEC-313935A5E0E8}.Release|Any CPU.Build.0 = Release|Any CPU
		{C6A188DF-196B-49FE-A95B-9FFF7DC76D12}.Debug|Any CPU.ActiveCfg = Debug|Any CPU
		{C6A188DF-196B-49FE-A95B-9FFF7DC76D12}.Debug|Any CPU.Build.0 = Debug|Any CPU
		{C6A188DF-196B-49FE-A95B-9FFF7DC76D12}.Release|Any CPU.ActiveCfg = Release|Any CPU
		{C6A188DF-196B-49FE-A95B-9FFF7DC76D12}.Release|Any CPU.Build.0 = Release|Any CPU
		{C8EF1914-4E53-4BF6-BA71-541F8055858A}.Debug|Any CPU.ActiveCfg = Debug|Any CPU
		{C8EF1914-4E53-4BF6-BA71-541F8055858A}.Debug|Any CPU.Build.0 = Debug|Any CPU
		{C8EF1914-4E53-4BF6-BA71-541F8055858A}.Release|Any CPU.ActiveCfg = Release|Any CPU
		{C8EF1914-4E53-4BF6-BA71-541F8055858A}.Release|Any CPU.Build.0 = Release|Any CPU
		{C5362009-5939-4DBF-BFE8-F9D715B1A394}.Debug|Any CPU.ActiveCfg = Debug|Any CPU
		{C5362009-5939-4DBF-BFE8-F9D715B1A394}.Debug|Any CPU.Build.0 = Debug|Any CPU
		{C5362009-5939-4DBF-BFE8-F9D715B1A394}.Release|Any CPU.ActiveCfg = Release|Any CPU
		{C5362009-5939-4DBF-BFE8-F9D715B1A394}.Release|Any CPU.Build.0 = Release|Any CPU
		{775DB713-99BD-4C5C-8546-BDE55643B7CB}.Debug|Any CPU.ActiveCfg = Debug|Any CPU
		{775DB713-99BD-4C5C-8546-BDE55643B7CB}.Debug|Any CPU.Build.0 = Debug|Any CPU
		{775DB713-99BD-4C5C-8546-BDE55643B7CB}.Release|Any CPU.ActiveCfg = Release|Any CPU
		{775DB713-99BD-4C5C-8546-BDE55643B7CB}.Release|Any CPU.Build.0 = Release|Any CPU
		{AB8691B7-9DBF-4839-A173-0E05979F766E}.Debug|Any CPU.ActiveCfg = Debug|Any CPU
		{AB8691B7-9DBF-4839-A173-0E05979F766E}.Debug|Any CPU.Build.0 = Debug|Any CPU
		{AB8691B7-9DBF-4839-A173-0E05979F766E}.Release|Any CPU.ActiveCfg = Release|Any CPU
		{AB8691B7-9DBF-4839-A173-0E05979F766E}.Release|Any CPU.Build.0 = Release|Any CPU
		{D786FFB1-B51F-40F1-9241-53D5CC40589F}.Debug|Any CPU.ActiveCfg = Debug|Any CPU
		{D786FFB1-B51F-40F1-9241-53D5CC40589F}.Debug|Any CPU.Build.0 = Debug|Any CPU
		{D786FFB1-B51F-40F1-9241-53D5CC40589F}.Release|Any CPU.ActiveCfg = Release|Any CPU
		{D786FFB1-B51F-40F1-9241-53D5CC40589F}.Release|Any CPU.Build.0 = Release|Any CPU
		{E523BC94-0371-40D2-8241-F99404B2D205}.Debug|Any CPU.ActiveCfg = Debug|Any CPU
		{E523BC94-0371-40D2-8241-F99404B2D205}.Debug|Any CPU.Build.0 = Debug|Any CPU
		{E523BC94-0371-40D2-8241-F99404B2D205}.Release|Any CPU.ActiveCfg = Release|Any CPU
		{E523BC94-0371-40D2-8241-F99404B2D205}.Release|Any CPU.Build.0 = Release|Any CPU
		{8176DBF0-C172-4AE1-A58F-6865638E05C1}.Debug|Any CPU.ActiveCfg = Debug|Any CPU
		{8176DBF0-C172-4AE1-A58F-6865638E05C1}.Debug|Any CPU.Build.0 = Debug|Any CPU
		{8176DBF0-C172-4AE1-A58F-6865638E05C1}.Release|Any CPU.ActiveCfg = Release|Any CPU
		{8176DBF0-C172-4AE1-A58F-6865638E05C1}.Release|Any CPU.Build.0 = Release|Any CPU
	EndGlobalSection
	GlobalSection(SolutionProperties) = preSolution
		HideSolutionNode = FALSE
	EndGlobalSection
	GlobalSection(NestedProjects) = preSolution
		{AB8691B7-9DBF-4839-A173-0E05979F766E} = {02EA681E-C7D8-13C7-8484-4AC65E1B71E8}
		{D786FFB1-B51F-40F1-9241-53D5CC40589F} = {02EA681E-C7D8-13C7-8484-4AC65E1B71E8}
		{E523BC94-0371-40D2-8241-F99404B2D205} = {02EA681E-C7D8-13C7-8484-4AC65E1B71E8}
		{8176DBF0-C172-4AE1-A58F-6865638E05C1} = {02EA681E-C7D8-13C7-8484-4AC65E1B71E8}
	EndGlobalSection
	GlobalSection(ExtensibilityGlobals) = postSolution
		SolutionGuid = {75DA7B44-4DF3-43C2-99E4-D6B017971644}
	EndGlobalSection
EndGlobal
